
Microsoft Visual Studio Solution File, Format Version 12.00
# Visual Studio Version 16
VisualStudioVersion = 16.0.30711.63
MinimumVisualStudioVersion = 10.0.40219.1
Project("{FAE04EC0-301F-11D3-BF4B-00C04F79EFBC}") = "ParseGmapsData", "ParseGmapsData.csproj", "{DCA06E8B-D75A-4C68-83EE-CFE347971259}"
EndProject
Global
	GlobalSection(SolutionConfigurationPlatforms) = preSolution
		Debug|Any CPU = Debug|Any CPU
		Release|Any CPU = Release|Any CPU
	EndGlobalSection
	GlobalSection(ProjectConfigurationPlatforms) = postSolution
		{DCA06E8B-D75A-4C68-83EE-CFE347971259}.Debug|Any CPU.ActiveCfg = Debug|Any CPU
		{DCA06E8B-D75A-4C68-83EE-CFE347971259}.Debug|Any CPU.Build.0 = Debug|Any CPU
		{DCA06E8B-D75A-4C68-83EE-CFE347971259}.Release|Any CPU.ActiveCfg = Release|Any CPU
		{DCA06E8B-D75A-4C68-83EE-CFE347971259}.Release|Any CPU.Build.0 = Release|Any CPU
	EndGlobalSection
	GlobalSection(SolutionProperties) = preSolution
		HideSolutionNode = FALSE
	EndGlobalSection
	GlobalSection(ExtensibilityGlobals) = postSolution
		SolutionGuid = {8352E10C-EF1A-4A7F-86F2-447A077E09E2}
	EndGlobalSection
EndGlobal
